
Microsoft Visual Studio Solution File, Format Version 12.00
# Visual Studio 2013
VisualStudioVersion = 12.0.21005.1
MinimumVisualStudioVersion = 10.0.40219.1
Project("{2150E333-8FDC-42A3-9474-1A3956D46DE8}") = "Domain", "Domain", "{989DEF52-19EF-4BB4-B966-1C4063FE5147}"
EndProject
Project("{2150E333-8FDC-42A3-9474-1A3956D46DE8}") = "Tests", "Tests", "{A0188216-2BA4-46B0-A2E6-6928597F92C0}"
EndProject
Project("{FAE04EC0-301F-11D3-BF4B-00C04F79EFBC}") = "QuestionRepositoryTest", "Domain\Tests\QuestionRepositoryTest\QuestionRepositoryTest.csproj", "{3C7DE8A8-7249-4E6C-BF65-31E4109BF51F}"
EndProject
Project("{FAE04EC0-301F-11D3-BF4B-00C04F79EFBC}") = "ResultRepositoryTest", "Domain\Tests\ResultRepositoryTest\ResultRepositoryTest.csproj", "{78928EA8-ACAD-4B8E-9930-C6267F496620}"
EndProject
Project("{FAE04EC0-301F-11D3-BF4B-00C04F79EFBC}") = "SubjectRepositoryTest", "Domain\Tests\SubjectRepositoryTest\SubjectRepositoryTest.csproj", "{6668BD96-48A0-4BAF-ADE9-28DA312747F1}"
EndProject
Project("{FAE04EC0-301F-11D3-BF4B-00C04F79EFBC}") = "TestRepositoryTest", "Domain\Tests\TestRepositoryTest\TestRepositoryTest.csproj", "{1FC85E14-7B93-4C89-B326-A007617D33A1}"
EndProject
Project("{FAE04EC0-301F-11D3-BF4B-00C04F79EFBC}") = "UserRepositoryTest", "Domain\Tests\UserRepositoryTest\UserRepositoryTest.csproj", "{FD92E7F7-ACC1-4AD1-AEF5-F4C9ADD32427}"
EndProject
Project("{FAE04EC0-301F-11D3-BF4B-00C04F79EFBC}") = "DAL.Interface", "Domain\DAL.Interface\DAL.Interface.csproj", "{DBE3A9B7-AEC9-4FD0-A9E9-195F4F0F7C48}"
EndProject
Project("{FAE04EC0-301F-11D3-BF4B-00C04F79EFBC}") = "ORM", "Domain\ORM\ORM.csproj", "{77093053-772C-4AEE-A340-22E7915D8E55}"
EndProject
Project("{FAE04EC0-301F-11D3-BF4B-00C04F79EFBC}") = "DAL", "Domain\DAL\DAL.csproj", "{FE6FD5E5-4A9E-4C7D-9A2C-689FA345935A}"
EndProject
Project("{2150E333-8FDC-42A3-9474-1A3956D46DE8}") = "Business logic", "Business logic", "{C4462AEF-8375-43F4-81E8-A05BF1A95B8F}"
EndProject
Project("{FAE04EC0-301F-11D3-BF4B-00C04F79EFBC}") = "BLL.Interface", "Business logic\BLL.Interface\BLL.Interface.csproj", "{0B858C0B-52BA-49F2-BC35-9810630E188A}"
EndProject
Project("{FAE04EC0-301F-11D3-BF4B-00C04F79EFBC}") = "BLL", "Business logic\BLL\BLL.csproj", "{D3022DCE-B0E8-40DD-840C-489CDE33DD44}"
EndProject
Project("{FAE04EC0-301F-11D3-BF4B-00C04F79EFBC}") = "DependencyResolver", "DependencyResolver\DependencyResolver.csproj", "{C97AFD35-0A35-44BD-A5E1-0557605689EF}"
EndProject
Project("{FAE04EC0-301F-11D3-BF4B-00C04F79EFBC}") = "MvcUI", "MvcUI\MvcUI.csproj", "{9DA01D22-F500-4DC2-BA32-2D357CA175E1}"
EndProject
Project("{2150E333-8FDC-42A3-9474-1A3956D46DE8}") = "Ambient DbContext", "Ambient DbContext", "{0076586C-3AC2-4F95-9A3F-8913D3AA3D61}"
EndProject
Project("{FAE04EC0-301F-11D3-BF4B-00C04F79EFBC}") = "AmbientDbContext.Interface", "Domain\Ambient DbContext\AmbientDbContext.Interface\AmbientDbContext.Interface.csproj", "{47CAD024-1F6E-4B70-A730-B42C592763B4}"
EndProject
Project("{FAE04EC0-301F-11D3-BF4B-00C04F79EFBC}") = "AmbientDbContext", "Domain\Ambient DbContext\AmbientDbContext\AmbientDbContext.csproj", "{0581097E-BE19-4E6A-8EE4-6B1166AC1F53}"
EndProject
Project("{FAE04EC0-301F-11D3-BF4B-00C04F79EFBC}") = "UnitTests", "UnitTests\UnitTests.csproj", "{E3BAA0F9-8551-4530-9A93-87C18397C629}"
EndProject
Project("{2150E333-8FDC-42A3-9474-1A3956D46DE8}") = "Solution Items", "Solution Items", "{9A56CEAF-0653-4C3B-8CA1-A0AF62614865}"
	ProjectSection(SolutionItems) = preProject
		AssemblyDependencies.dgml = AssemblyDependencies.dgml
	EndProjectSection
EndProject
Global
	GlobalSection(SolutionConfigurationPlatforms) = preSolution
		Debug|Any CPU = Debug|Any CPU
		Release|Any CPU = Release|Any CPU
	EndGlobalSection
	GlobalSection(ProjectConfigurationPlatforms) = postSolution
		{3C7DE8A8-7249-4E6C-BF65-31E4109BF51F}.Debug|Any CPU.ActiveCfg = Debug|Any CPU
		{3C7DE8A8-7249-4E6C-BF65-31E4109BF51F}.Debug|Any CPU.Build.0 = Debug|Any CPU
		{3C7DE8A8-7249-4E6C-BF65-31E4109BF51F}.Release|Any CPU.ActiveCfg = Release|Any CPU
		{3C7DE8A8-7249-4E6C-BF65-31E4109BF51F}.Release|Any CPU.Build.0 = Release|Any CPU
		{78928EA8-ACAD-4B8E-9930-C6267F496620}.Debug|Any CPU.ActiveCfg = Debug|Any CPU
		{78928EA8-ACAD-4B8E-9930-C6267F496620}.Debug|Any CPU.Build.0 = Debug|Any CPU
		{78928EA8-ACAD-4B8E-9930-C6267F496620}.Release|Any CPU.ActiveCfg = Release|Any CPU
		{78928EA8-ACAD-4B8E-9930-C6267F496620}.Release|Any CPU.Build.0 = Release|Any CPU
		{6668BD96-48A0-4BAF-ADE9-28DA312747F1}.Debug|Any CPU.ActiveCfg = Debug|Any CPU
		{6668BD96-48A0-4BAF-ADE9-28DA312747F1}.Debug|Any CPU.Build.0 = Debug|Any CPU
		{6668BD96-48A0-4BAF-ADE9-28DA312747F1}.Release|Any CPU.ActiveCfg = Release|Any CPU
		{6668BD96-48A0-4BAF-ADE9-28DA312747F1}.Release|Any CPU.Build.0 = Release|Any CPU
		{1FC85E14-7B93-4C89-B326-A007617D33A1}.Debug|Any CPU.ActiveCfg = Debug|Any CPU
		{1FC85E14-7B93-4C89-B326-A007617D33A1}.Debug|Any CPU.Build.0 = Debug|Any CPU
		{1FC85E14-7B93-4C89-B326-A007617D33A1}.Release|Any CPU.ActiveCfg = Release|Any CPU
		{1FC85E14-7B93-4C89-B326-A007617D33A1}.Release|Any CPU.Build.0 = Release|Any CPU
		{FD92E7F7-ACC1-4AD1-AEF5-F4C9ADD32427}.Debug|Any CPU.ActiveCfg = Debug|Any CPU
		{FD92E7F7-ACC1-4AD1-AEF5-F4C9ADD32427}.Debug|Any CPU.Build.0 = Debug|Any CPU
		{FD92E7F7-ACC1-4AD1-AEF5-F4C9ADD32427}.Release|Any CPU.ActiveCfg = Release|Any CPU
		{FD92E7F7-ACC1-4AD1-AEF5-F4C9ADD32427}.Release|Any CPU.Build.0 = Release|Any CPU
		{DBE3A9B7-AEC9-4FD0-A9E9-195F4F0F7C48}.Debug|Any CPU.ActiveCfg = Debug|Any CPU
		{DBE3A9B7-AEC9-4FD0-A9E9-195F4F0F7C48}.Debug|Any CPU.Build.0 = Debug|Any CPU
		{DBE3A9B7-AEC9-4FD0-A9E9-195F4F0F7C48}.Release|Any CPU.ActiveCfg = Release|Any CPU
		{DBE3A9B7-AEC9-4FD0-A9E9-195F4F0F7C48}.Release|Any CPU.Build.0 = Release|Any CPU
		{77093053-772C-4AEE-A340-22E7915D8E55}.Debug|Any CPU.ActiveCfg = Debug|Any CPU
		{77093053-772C-4AEE-A340-22E7915D8E55}.Debug|Any CPU.Build.0 = Debug|Any CPU
		{77093053-772C-4AEE-A340-22E7915D8E55}.Release|Any CPU.ActiveCfg = Release|Any CPU
		{77093053-772C-4AEE-A340-22E7915D8E55}.Release|Any CPU.Build.0 = Release|Any CPU
		{FE6FD5E5-4A9E-4C7D-9A2C-689FA345935A}.Debug|Any CPU.ActiveCfg = Debug|Any CPU
		{FE6FD5E5-4A9E-4C7D-9A2C-689FA345935A}.Debug|Any CPU.Build.0 = Debug|Any CPU
		{FE6FD5E5-4A9E-4C7D-9A2C-689FA345935A}.Release|Any CPU.ActiveCfg = Release|Any CPU
		{FE6FD5E5-4A9E-4C7D-9A2C-689FA345935A}.Release|Any CPU.Build.0 = Release|Any CPU
		{0B858C0B-52BA-49F2-BC35-9810630E188A}.Debug|Any CPU.ActiveCfg = Debug|Any CPU
		{0B858C0B-52BA-49F2-BC35-9810630E188A}.Debug|Any CPU.Build.0 = Debug|Any CPU
		{0B858C0B-52BA-49F2-BC35-9810630E188A}.Release|Any CPU.ActiveCfg = Release|Any CPU
		{0B858C0B-52BA-49F2-BC35-9810630E188A}.Release|Any CPU.Build.0 = Release|Any CPU
		{D3022DCE-B0E8-40DD-840C-489CDE33DD44}.Debug|Any CPU.ActiveCfg = Debug|Any CPU
		{D3022DCE-B0E8-40DD-840C-489CDE33DD44}.Debug|Any CPU.Build.0 = Debug|Any CPU
		{D3022DCE-B0E8-40DD-840C-489CDE33DD44}.Release|Any CPU.ActiveCfg = Release|Any CPU
		{D3022DCE-B0E8-40DD-840C-489CDE33DD44}.Release|Any CPU.Build.0 = Release|Any CPU
		{C97AFD35-0A35-44BD-A5E1-0557605689EF}.Debug|Any CPU.ActiveCfg = Debug|Any CPU
		{C97AFD35-0A35-44BD-A5E1-0557605689EF}.Debug|Any CPU.Build.0 = Debug|Any CPU
		{C97AFD35-0A35-44BD-A5E1-0557605689EF}.Release|Any CPU.ActiveCfg = Release|Any CPU
		{C97AFD35-0A35-44BD-A5E1-0557605689EF}.Release|Any CPU.Build.0 = Release|Any CPU
		{9DA01D22-F500-4DC2-BA32-2D357CA175E1}.Debug|Any CPU.ActiveCfg = Debug|Any CPU
		{9DA01D22-F500-4DC2-BA32-2D357CA175E1}.Debug|Any CPU.Build.0 = Debug|Any CPU
		{9DA01D22-F500-4DC2-BA32-2D357CA175E1}.Release|Any CPU.ActiveCfg = Release|Any CPU
		{9DA01D22-F500-4DC2-BA32-2D357CA175E1}.Release|Any CPU.Build.0 = Release|Any CPU
		{47CAD024-1F6E-4B70-A730-B42C592763B4}.Debug|Any CPU.ActiveCfg = Debug|Any CPU
		{47CAD024-1F6E-4B70-A730-B42C592763B4}.Debug|Any CPU.Build.0 = Debug|Any CPU
		{47CAD024-1F6E-4B70-A730-B42C592763B4}.Release|Any CPU.ActiveCfg = Release|Any CPU
		{47CAD024-1F6E-4B70-A730-B42C592763B4}.Release|Any CPU.Build.0 = Release|Any CPU
		{0581097E-BE19-4E6A-8EE4-6B1166AC1F53}.Debug|Any CPU.ActiveCfg = Debug|Any CPU
		{0581097E-BE19-4E6A-8EE4-6B1166AC1F53}.Debug|Any CPU.Build.0 = Debug|Any CPU
		{0581097E-BE19-4E6A-8EE4-6B1166AC1F53}.Release|Any CPU.ActiveCfg = Release|Any CPU
		{0581097E-BE19-4E6A-8EE4-6B1166AC1F53}.Release|Any CPU.Build.0 = Release|Any CPU
		{E3BAA0F9-8551-4530-9A93-87C18397C629}.Debug|Any CPU.ActiveCfg = Debug|Any CPU
		{E3BAA0F9-8551-4530-9A93-87C18397C629}.Debug|Any CPU.Build.0 = Debug|Any CPU
		{E3BAA0F9-8551-4530-9A93-87C18397C629}.Release|Any CPU.ActiveCfg = Release|Any CPU
		{E3BAA0F9-8551-4530-9A93-87C18397C629}.Release|Any CPU.Build.0 = Release|Any CPU
	EndGlobalSection
	GlobalSection(SolutionProperties) = preSolution
		HideSolutionNode = FALSE
	EndGlobalSection
	GlobalSection(NestedProjects) = preSolution
		{A0188216-2BA4-46B0-A2E6-6928597F92C0} = {989DEF52-19EF-4BB4-B966-1C4063FE5147}
		{DBE3A9B7-AEC9-4FD0-A9E9-195F4F0F7C48} = {989DEF52-19EF-4BB4-B966-1C4063FE5147}
		{77093053-772C-4AEE-A340-22E7915D8E55} = {989DEF52-19EF-4BB4-B966-1C4063FE5147}
		{FE6FD5E5-4A9E-4C7D-9A2C-689FA345935A} = {989DEF52-19EF-4BB4-B966-1C4063FE5147}
		{0076586C-3AC2-4F95-9A3F-8913D3AA3D61} = {989DEF52-19EF-4BB4-B966-1C4063FE5147}
		{3C7DE8A8-7249-4E6C-BF65-31E4109BF51F} = {A0188216-2BA4-46B0-A2E6-6928597F92C0}
		{78928EA8-ACAD-4B8E-9930-C6267F496620} = {A0188216-2BA4-46B0-A2E6-6928597F92C0}
		{6668BD96-48A0-4BAF-ADE9-28DA312747F1} = {A0188216-2BA4-46B0-A2E6-6928597F92C0}
		{1FC85E14-7B93-4C89-B326-A007617D33A1} = {A0188216-2BA4-46B0-A2E6-6928597F92C0}
		{FD92E7F7-ACC1-4AD1-AEF5-F4C9ADD32427} = {A0188216-2BA4-46B0-A2E6-6928597F92C0}
		{0B858C0B-52BA-49F2-BC35-9810630E188A} = {C4462AEF-8375-43F4-81E8-A05BF1A95B8F}
		{D3022DCE-B0E8-40DD-840C-489CDE33DD44} = {C4462AEF-8375-43F4-81E8-A05BF1A95B8F}
		{47CAD024-1F6E-4B70-A730-B42C592763B4} = {0076586C-3AC2-4F95-9A3F-8913D3AA3D61}
		{0581097E-BE19-4E6A-8EE4-6B1166AC1F53} = {0076586C-3AC2-4F95-9A3F-8913D3AA3D61}
	EndGlobalSection
EndGlobal
